
Microsoft Visual Studio Solution File, Format Version 12.00
# Visual Studio Version 16
VisualStudioVersion = 16.0.29709.97
MinimumVisualStudioVersion = 10.0.40219.1
Project("{9A19103F-16F7-4668-BE54-9A1E7A4F7556}") = "ImageFunctions", "ImageFunctions\ImageFunctions.csproj", "{B6440771-70B9-4353-92B5-216B49EE9E72}"
EndProject
Global
	GlobalSection(SolutionConfigurationPlatforms) = preSolution
		Debug|Any CPU = Debug|Any CPU
		Release|Any CPU = Release|Any CPU
	EndGlobalSection
	GlobalSection(ProjectConfigurationPlatforms) = postSolution
		{B6440771-70B9-4353-92B5-216B49EE9E72}.Debug|Any CPU.ActiveCfg = Debug|Any CPU
		{B6440771-70B9-4353-92B5-216B49EE9E72}.Debug|Any CPU.Build.0 = Debug|Any CPU
		{B6440771-70B9-4353-92B5-216B49EE9E72}.Release|Any CPU.ActiveCfg = Release|Any CPU
		{B6440771-70B9-4353-92B5-216B49EE9E72}.Release|Any CPU.Build.0 = Release|Any CPU
	EndGlobalSection
	GlobalSection(SolutionProperties) = preSolution
		HideSolutionNode = FALSE
	EndGlobalSection
	GlobalSection(ExtensibilityGlobals) = postSolution
		SolutionGuid = {D0E0B682-F280-41FD-B997-5F65AE5638DE}
	EndGlobalSection
EndGlobal
